// !$*UTF8*$!
{
	archiveVersion = 1;
	classes = {
	};
	objectVersion = 77;
	objects = {

/* Begin PBXBuildFile section */
		668BF7332F3D700500190172 /* constants.h in Headers */ = {isa = PBXBuildFile; fileRef = 668BF7322F3D700200190172 /* constants.h */; };
		66AA94CD2E90594B00D9610D /* HelpCommands.txt in Headers */ = {isa = PBXBuildFile; fileRef = 66AA94CC2E90594400D9610D /* HelpCommands.txt */; };
		B87AC4B32E9E622600C2D9C5 /* bridge.h in Headers */ = {isa = PBXBuildFile; fileRef = B87AC4B22E9E622600C2D9C5 /* bridge.h */; };
		B87AC4B52E9E624600C2D9C5 /* signposts.h in Headers */ = {isa = PBXBuildFile; fileRef = B87AC4B42E9E624600C2D9C5 /* signposts.h */; };
		B8873A342E6F3AB600B35C1D /* utility.h in Headers */ = {isa = PBXBuildFile; fileRef = B8873A332E6F3AB600B35C1D /* utility.h */; };
		B893B8452E8ECE2E0015F365 /* config.h in Headers */ = {isa = PBXBuildFile; fileRef = B893B8442E8ECE2C0015F365 /* config.h */; };
		B893BA212E8F73C70015F365 /* utility.mm in Sources */ = {isa = PBXBuildFile; fileRef = B893BA202E8F73C30015F365 /* utility.mm */; };
		B8FF1796172800000017961A /* gdt_renderer_relaunch_guard.mm in Sources */ = {isa = PBXBuildFile; fileRef = B8FF1796172800000017961B /* gdt_renderer_relaunch_guard.mm */; };
		B8D05ACA2EE0A2D2001FD77C /* types.h in Headers */ = {isa = PBXBuildFile; fileRef = B8D05AC92EE0A2D2001FD77C /* types.h */; };
		EE0B780E2E7497D80041559B /* scene_tree.mm in Sources */ = {isa = PBXBuildFile; fileRef = EE0B780D2E7497D40041559B /* scene_tree.mm */; };
		EE5ABED92E45D889003CD7D3 /* RealityKitUtils.swift in Sources */ = {isa = PBXBuildFile; fileRef = EE5ABED82E45D889003CD7D3 /* RealityKitUtils.swift */; };
		EE5AD3202E7104E4001C1DBB /* scene_tree.h in Headers */ = {isa = PBXBuildFile; fileRef = EE5AD31F2E7104DB001C1DBB /* scene_tree.h */; };
		EEC9EA892DDAE9B6002934A2 /* RealityKitBridge.swift in Sources */ = {isa = PBXBuildFile; fileRef = EEC9EA882DDAE9B6002934A2 /* RealityKitBridge.swift */; };
		EEC9EBB52DDCCEA0002934A2 /* extension.mm in Sources */ = {isa = PBXBuildFile; fileRef = EEC9EBB42DDCCEA0002934A2 /* extension.mm */; };
		EEC9EBB72DDCCF92002934A2 /* GodotRealityKit.h in Headers */ = {isa = PBXBuildFile; fileRef = EEC9EBB62DDCCF92002934A2 /* GodotRealityKit.h */; settings = {ATTRIBUTES = (Public, ); }; };
/* End PBXBuildFile section */

/* Begin PBXFileReference section */
		668BF7322F3D700200190172 /* constants.h */ = {isa = PBXFileReference; lastKnownFileType = sourcecode.c.h; path = constants.h; sourceTree = "<group>"; };
		66AA94CC2E90594400D9610D /* HelpCommands.txt */ = {isa = PBXFileReference; lastKnownFileType = sourcecode.c.h; path = HelpCommands.txt; sourceTree = "<group>"; };
		B87AC4B22E9E622600C2D9C5 /* bridge.h */ = {isa = PBXFileReference; lastKnownFileType = sourcecode.c.h; path = bridge.h; sourceTree = "<group>"; };
		B87AC4B42E9E624600C2D9C5 /* signposts.h */ = {isa = PBXFileReference; lastKnownFileType = sourcecode.c.h; path = signposts.h; sourceTree = "<group>"; };
		B8873A332E6F3AB600B35C1D /* utility.h */ = {isa = PBXFileReference; explicitFileType = sourcecode.cpp.h; path = utility.h; sourceTree = "<group>"; };
		B893B8442E8ECE2C0015F365 /* config.h */ = {isa = PBXFileReference; lastKnownFileType = sourcecode.c.h; path = config.h; sourceTree = "<group>"; };
		B893BA202E8F73C30015F365 /* utility.mm */ = {isa = PBXFileReference; lastKnownFileType = sourcecode.cpp.objcpp; path = utility.mm; sourceTree = "<group>"; };
		B8FF1796172800000017961B /* gdt_renderer_relaunch_guard.mm */ = {isa = PBXFileReference; lastKnownFileType = sourcecode.cpp.objcpp; path = gdt_renderer_relaunch_guard.mm; sourceTree = "<group>"; };
		B8A3A14C2E8B364D008C24BA /* godot.macos.template_debug.arm64 */ = {isa = PBXFileReference; lastKnownFileType = "compiled.mach-o.executable"; name = godot.macos.template_debug.arm64; path = ../out/shared_workspace/deps/debug/godot/bin/godot.macos.template_debug.arm64; sourceTree = "<group>"; };
		B8D05AC92EE0A2D2001FD77C /* types.h */ = {isa = PBXFileReference; lastKnownFileType = sourcecode.c.h; path = types.h; sourceTree = "<group>"; };
		EE0B780D2E7497D40041559B /* scene_tree.mm */ = {isa = PBXFileReference; lastKnownFileType = sourcecode.cpp.objcpp; path = scene_tree.mm; sourceTree = "<group>"; };
		EE5ABED82E45D889003CD7D3 /* RealityKitUtils.swift */ = {isa = PBXFileReference; lastKnownFileType = sourcecode.swift; path = RealityKitUtils.swift; sourceTree = "<group>"; };
		EE5AD31F2E7104DB001C1DBB /* scene_tree.h */ = {isa = PBXFileReference; lastKnownFileType = sourcecode.c.h; path = scene_tree.h; sourceTree = "<group>"; };
		EEC9EA7B2DDAE928002934A2 /* GodotRealityKit.framework */ = {isa = PBXFileReference; explicitFileType = wrapper.framework; includeInIndex = 0; path = GodotRealityKit.framework; sourceTree = BUILT_PRODUCTS_DIR; };
		EEC9EA882DDAE9B6002934A2 /* RealityKitBridge.swift */ = {isa = PBXFileReference; lastKnownFileType = sourcecode.swift; path = RealityKitBridge.swift; sourceTree = "<group>"; };
		EEC9EBB42DDCCEA0002934A2 /* extension.mm */ = {isa = PBXFileReference; lastKnownFileType = sourcecode.cpp.objcpp; path = extension.mm; sourceTree = "<group>"; };
		EEC9EBB62DDCCF92002934A2 /* GodotRealityKit.h */ = {isa = PBXFileReference; lastKnownFileType = sourcecode.c.h; path = GodotRealityKit.h; sourceTree = "<group>"; };
		EEC9EBBA2DDCDBD4002934A2 /* Foundation.framework */ = {isa = PBXFileReference; lastKnownFileType = wrapper.framework; name = Foundation.framework; path = System/Library/Frameworks/Foundation.framework; sourceTree = SDKROOT; };
		EEC9EBBC2DDCDBDA002934A2 /* AppKit.framework */ = {isa = PBXFileReference; lastKnownFileType = wrapper.framework; name = AppKit.framework; path = System/Library/Frameworks/AppKit.framework; sourceTree = SDKROOT; };
/* End PBXFileReference section */

/* Begin PBXFileSystemSynchronizedBuildFileExceptionSet section */
		B85690572EBA5F51002BEE21 /* Exceptions for "Materials" folder in "GodotRealityKit" target */ = {
			isa = PBXFileSystemSynchronizedBuildFileExceptionSet;
			membershipExceptions = (
				NodeDefs/apple_bitwise_operations.mtlx,
				NodeDefs/apple_comparison_node_extensions.mtlx,
				NodeDefs/apple_defs_cameraindex.mtlx,
				NodeDefs/apple_defs.mtlx,
				NodeDefs/apple_image_implementations.mtlx,
				NodeDefs/apple_image_info_nodedefs.mtlx,
				NodeDefs/apple_image_nodedefs_old.mtlx,
				NodeDefs/apple_image_nodedefs.mtlx,
				NodeDefs/apple_integer_ops.mtlx,
				NodeDefs/apple_light_spill_defs.mtlx,
				NodeDefs/apple_metal_nodedefs.mtlx,
				NodeDefs/apple_metal_simd_functions.mtlx,
				NodeDefs/apple_stdlib_extensions.mtlx,
				NodeDefs/stdlib_defs.mtlx,
				NodeDefs/stdlib_ng.mtlx,
				NodeDefs/usd_preview_surface.mtlx,
			);
			target = EEC9EA7A2DDAE928002934A2 /* GodotRealityKit */;
		};
/* End PBXFileSystemSynchronizedBuildFileExceptionSet section */

/* Begin PBXFileSystemSynchronizedRootGroup section */
		662EE4602F3BFB0E0045CFD0 /* Metal */ = {
			isa = PBXFileSystemSynchronizedRootGroup;
			path = Metal;
			sourceTree = "<group>";
		};
		6645CE842F3EC7C3004D591B /* RealityKit */ = {
			isa = PBXFileSystemSynchronizedRootGroup;
			path = RealityKit;
			sourceTree = "<group>";
		};
		6677F5672F75DE7B00625983 /* gen */ = {
			isa = PBXFileSystemSynchronizedRootGroup;
			path = gen;
			sourceTree = "<group>";
		};
		B85690432EBA5F48002BEE21 /* Materials */ = {
			isa = PBXFileSystemSynchronizedRootGroup;
			exceptions = (
				B85690572EBA5F51002BEE21 /* Exceptions for "Materials" folder in "GodotRealityKit" target */,
			);
			path = Materials;
			sourceTree = "<group>";
		};
		B87AC4722E9E5FF300C2D9C5 /* Loaders */ = {
			isa = PBXFileSystemSynchronizedRootGroup;
			path = Loaders;
			sourceTree = "<group>";
		};
		B893BA272E8F99020015F365 /* Configurations */ = {
			isa = PBXFileSystemSynchronizedRootGroup;
			path = Configurations;
			sourceTree = "<group>";
		};
		EE8248842F3A86F500F4680C /* Nodes */ = {
			isa = PBXFileSystemSynchronizedRootGroup;
			path = Nodes;
			sourceTree = "<group>";
		};
/* End PBXFileSystemSynchronizedRootGroup section */

/* Begin PBXFrameworksBuildPhase section */
		EEC9EA782DDAE928002934A2 /* Frameworks */ = {
			isa = PBXFrameworksBuildPhase;
			buildActionMask = 2147483647;
			files = (
			);
			runOnlyForDeploymentPostprocessing = 0;
		};
/* End PBXFrameworksBuildPhase section */

/* Begin PBXGroup section */
		EEC9EA712DDAE928002934A2 = {
			isa = PBXGroup;
			children = (
				6677F5672F75DE7B00625983 /* gen */,
				6645CE842F3EC7C3004D591B /* RealityKit */,
				EE8248842F3A86F500F4680C /* Nodes */,
				B87AC4B42E9E624600C2D9C5 /* signposts.h */,
				66AA94CC2E90594400D9610D /* HelpCommands.txt */,
				B893BA272E8F99020015F365 /* Configurations */,
				B85690432EBA5F48002BEE21 /* Materials */,
				662EE4602F3BFB0E0045CFD0 /* Metal */,
				B87AC4722E9E5FF300C2D9C5 /* Loaders */,
				B87AC4B22E9E622600C2D9C5 /* bridge.h */,
				B8873A332E6F3AB600B35C1D /* utility.h */,
				B893BA202E8F73C30015F365 /* utility.mm */,
				B893B8442E8ECE2C0015F365 /* config.h */,
				668BF7322F3D700200190172 /* constants.h */,
				B8D05AC92EE0A2D2001FD77C /* types.h */,
				EEC9EBB62DDCCF92002934A2 /* GodotRealityKit.h */,
				EEC9EBB42DDCCEA0002934A2 /* extension.mm */,
				B8FF1796172800000017961B /* gdt_renderer_relaunch_guard.mm */,
				EE0B780D2E7497D40041559B /* scene_tree.mm */,
				EE5AD31F2E7104DB001C1DBB /* scene_tree.h */,
				EEC9EA882DDAE9B6002934A2 /* RealityKitBridge.swift */,
				EE5ABED82E45D889003CD7D3 /* RealityKitUtils.swift */,
				EEC9EA8A2DDAEB2F002934A2 /* Frameworks */,
				EEC9EA7C2DDAE928002934A2 /* Products */,
			);
			sourceTree = "<group>";
		};
		EEC9EA7C2DDAE928002934A2 /* Products */ = {
			isa = PBXGroup;
			children = (
				EEC9EA7B2DDAE928002934A2 /* GodotRealityKit.framework */,
			);
			name = Products;
			sourceTree = "<group>";
		};
		EEC9EA8A2DDAEB2F002934A2 /* Frameworks */ = {
			isa = PBXGroup;
			children = (
				B8A3A14C2E8B364D008C24BA /* godot.macos.template_debug.arm64 */,
				EEC9EBBC2DDCDBDA002934A2 /* AppKit.framework */,
				EEC9EBBA2DDCDBD4002934A2 /* Foundation.framework */,
			);
			name = Frameworks;
			sourceTree = "<group>";
		};
/* End PBXGroup section */

/* Begin PBXHeadersBuildPhase section */
		EEC9EA762DDAE928002934A2 /* Headers */ = {
			isa = PBXHeadersBuildPhase;
			buildActionMask = 2147483647;
			files = (
				B8873A342E6F3AB600B35C1D /* utility.h in Headers */,
				EEC9EBB72DDCCF92002934A2 /* GodotRealityKit.h in Headers */,
				66AA94CD2E90594B00D9610D /* HelpCommands.txt in Headers */,
				B87AC4B32E9E622600C2D9C5 /* bridge.h in Headers */,
				B893B8452E8ECE2E0015F365 /* config.h in Headers */,
				B8D05ACA2EE0A2D2001FD77C /* types.h in Headers */,
				EE5AD3202E7104E4001C1DBB /* scene_tree.h in Headers */,
				668BF7332F3D700500190172 /* constants.h in Headers */,
				B87AC4B52E9E624600C2D9C5 /* signposts.h in Headers */,
			);
			runOnlyForDeploymentPostprocessing = 0;
		};
/* End PBXHeadersBuildPhase section */

/* Begin PBXNativeTarget section */
		EEC9EA7A2DDAE928002934A2 /* GodotRealityKit */ = {
			isa = PBXNativeTarget;
			buildConfigurationList = EEC9EA812DDAE928002934A2 /* Build configuration list for PBXNativeTarget "GodotRealityKit" */;
			buildPhases = (
				B8740DAC2F1AAF6200FCCABE /* Cleanup resources */,
				EEC9EA762DDAE928002934A2 /* Headers */,
				EEC9EA772DDAE928002934A2 /* Sources */,
				EEC9EA782DDAE928002934A2 /* Frameworks */,
				EEC9EA792DDAE928002934A2 /* Resources */,
				B8F99C202E9762CF00125BE7 /* Compile Metal Default library */,
			);
			buildRules = (
			);
			dependencies = (
			);
			fileSystemSynchronizedGroups = (
				662EE4602F3BFB0E0045CFD0 /* Metal */,
				6645CE842F3EC7C3004D591B /* RealityKit */,
				6677F5672F75DE7B00625983 /* gen */,
				B85690432EBA5F48002BEE21 /* Materials */,
				B87AC4722E9E5FF300C2D9C5 /* Loaders */,
				EE8248842F3A86F500F4680C /* Nodes */,
			);
			name = GodotRealityKit;
			packageProductDependencies = (
			);
			productName = GodotRealityKit;
			productReference = EEC9EA7B2DDAE928002934A2 /* GodotRealityKit.framework */;
			productType = "com.apple.product-type.framework";
		};
/* End PBXNativeTarget section */

/* Begin PBXProject section */
		EEC9EA722DDAE928002934A2 /* Project object */ = {
			isa = PBXProject;
			attributes = {
				BuildIndependentTargetsInParallel = 1;
				LastSwiftUpdateCheck = 2600;
				LastUpgradeCheck = 1700;
				TargetAttributes = {
					EEC9EA7A2DDAE928002934A2 = {
						CreatedOnToolsVersion = 17.0;
						LastSwiftMigration = 1700;
					};
				};
			};
			buildConfigurationList = EEC9EA752DDAE928002934A2 /* Build configuration list for PBXProject "GodotRealityKit" */;
			developmentRegion = en;
			hasScannedForEncodings = 0;
			knownRegions = (
				en,
				Base,
			);
			mainGroup = EEC9EA712DDAE928002934A2;
			minimizedProjectReferenceProxies = 1;
			preferredProjectObjectVersion = 77;
			productRefGroup = EEC9EA7C2DDAE928002934A2 /* Products */;
			projectDirPath = "";
			projectRoot = "";
			targets = (
				EEC9EA7A2DDAE928002934A2 /* GodotRealityKit */,
			);
		};
/* End PBXProject section */

/* Begin PBXResourcesBuildPhase section */
		EEC9EA792DDAE928002934A2 /* Resources */ = {
			isa = PBXResourcesBuildPhase;
			buildActionMask = 2147483647;
			files = (
			);
			runOnlyForDeploymentPostprocessing = 0;
		};
/* End PBXResourcesBuildPhase section */

/* Begin PBXShellScriptBuildPhase section */
		B8740DAC2F1AAF6200FCCABE /* Cleanup resources */ = {
			isa = PBXShellScriptBuildPhase;
			buildActionMask = 2147483647;
			files = (
			);
			inputFileListPaths = (
			);
			inputPaths = (
			);
			name = "Cleanup resources";
			outputFileListPaths = (
			);
			outputPaths = (
			);
			runOnlyForDeploymentPostprocessing = 0;
			shellPath = /bin/sh;
			shellScript = "# Type a script or drag a script file from your workspace to insert its path.\n";
		};
		B8F99C202E9762CF00125BE7 /* Compile Metal Default library */ = {
			isa = PBXShellScriptBuildPhase;
			buildActionMask = 2147483647;
			files = (
			);
			inputFileListPaths = (
			);
			inputPaths = (
				"$(PROJECT_DIR)/Metal/skeletal-deform.metal",
			);
			name = "Compile Metal Default library";
			outputFileListPaths = (
			);
			outputPaths = (
				"${BUILT_PRODUCTS_DIR}/default.metallib",
			);
			runOnlyForDeploymentPostprocessing = 0;
			shellPath = /bin/bash;
			shellScript = "export FRAMEWORK_NAME=GodotRealityKit\n\"${PROJECT_DIR}/../scripts/build/generate-default-metallib.sh\"\n";
		};
/* End PBXShellScriptBuildPhase section */

/* Begin PBXSourcesBuildPhase section */
		EEC9EA772DDAE928002934A2 /* Sources */ = {
			isa = PBXSourcesBuildPhase;
			buildActionMask = 2147483647;
			files = (
				EEC9EBB52DDCCEA0002934A2 /* extension.mm in Sources */,
				B8FF1796172800000017961A /* gdt_renderer_relaunch_guard.mm in Sources */,
				EE5ABED92E45D889003CD7D3 /* RealityKitUtils.swift in Sources */,
				EE0B780E2E7497D80041559B /* scene_tree.mm in Sources */,
				EEC9EA892DDAE9B6002934A2 /* RealityKitBridge.swift in Sources */,
				B893BA212E8F73C70015F365 /* utility.mm in Sources */,
			);
			runOnlyForDeploymentPostprocessing = 0;
		};
/* End PBXSourcesBuildPhase section */

/* Begin XCBuildConfiguration section */
		EEC9EA822DDAE928002934A2 /* Debug */ = {
			isa = XCBuildConfiguration;
			baseConfigurationReferenceAnchor = B893BA272E8F99020015F365 /* Configurations */;
			baseConfigurationReferenceRelativePath = Framework.xcconfig;
			buildSettings = {
			};
			name = Debug;
		};
		EEC9EA832DDAE928002934A2 /* Release */ = {
			isa = XCBuildConfiguration;
			baseConfigurationReferenceAnchor = B893BA272E8F99020015F365 /* Configurations */;
			baseConfigurationReferenceRelativePath = Framework.xcconfig;
			buildSettings = {
			};
			name = Release;
		};
		EEC9EA842DDAE928002934A2 /* Debug */ = {
			isa = XCBuildConfiguration;
			baseConfigurationReferenceAnchor = B893BA272E8F99020015F365 /* Configurations */;
			baseConfigurationReferenceRelativePath = Config.xcconfig;
			buildSettings = {
			};
			name = Debug;
		};
		EEC9EA852DDAE928002934A2 /* Release */ = {
			isa = XCBuildConfiguration;
			baseConfigurationReferenceAnchor = B893BA272E8F99020015F365 /* Configurations */;
			baseConfigurationReferenceRelativePath = Config.xcconfig;
			buildSettings = {
			};
			name = Release;
		};
/* End XCBuildConfiguration section */

/* Begin XCConfigurationList section */
		EEC9EA752DDAE928002934A2 /* Build configuration list for PBXProject "GodotRealityKit" */ = {
			isa = XCConfigurationList;
			buildConfigurations = (
				EEC9EA842DDAE928002934A2 /* Debug */,
				EEC9EA852DDAE928002934A2 /* Release */,
			);
			defaultConfigurationIsVisible = 0;
			defaultConfigurationName = Release;
		};
		EEC9EA812DDAE928002934A2 /* Build configuration list for PBXNativeTarget "GodotRealityKit" */ = {
			isa = XCConfigurationList;
			buildConfigurations = (
				EEC9EA822DDAE928002934A2 /* Debug */,
				EEC9EA832DDAE928002934A2 /* Release */,
			);
			defaultConfigurationIsVisible = 0;
			defaultConfigurationName = Release;
		};
/* End XCConfigurationList section */
	};
	rootObject = EEC9EA722DDAE928002934A2 /* Project object */;
}
